
Microsoft Visual Studio Solution File, Format Version 12.00
# Visual Studio Version 16
VisualStudioVersion = 16.0.30320.27
MinimumVisualStudioVersion = 10.0.40219.1
Project("{8BC9CEB8-8B4A-11D0-8D11-00A0C91BC942}") = "Git_DLL", "Git_DLL\Git_DLL.vcxproj", "{A13FA165-3806-42EF-99D9-984FDB147DE7}"
EndProject
Global
	GlobalSection(SolutionConfigurationPlatforms) = preSolution
		Debug|x64 = Debug|x64
		Debug|x86 = Debug|x86
		Release|x64 = Release|x64
		Release|x86 = Release|x86
	EndGlobalSection
	GlobalSection(ProjectConfigurationPlatforms) = postSolution
		{A13FA165-3806-42EF-99D9-984FDB147DE7}.Debug|x64.ActiveCfg = Debug|x64
		{A13FA165-3806-42EF-99D9-984FDB147DE7}.Debug|x64.Build.0 = Debug|x64
		{A13FA165-3806-42EF-99D9-984FDB147DE7}.Debug|x86.ActiveCfg = Debug|Win32
		{A13FA165-3806-42EF-99D9-984FDB147DE7}.Debug|x86.Build.0 = Debug|Win32
		{A13FA165-3806-42EF-99D9-984FDB147DE7}.Release|x64.ActiveCfg = Release|x64
		{A13FA165-3806-42EF-99D9-984FDB147DE7}.Release|x64.Build.0 = Release|x64
		{A13FA165-3806-42EF-99D9-984FDB147DE7}.Release|x86.ActiveCfg = Release|Win32
		{A13FA165-3806-42EF-99D9-984FDB147DE7}.Release|x86.Build.0 = Release|Win32
	EndGlobalSection
	GlobalSection(SolutionProperties) = preSolution
		HideSolutionNode = FALSE
	EndGlobalSection
	GlobalSection(ExtensibilityGlobals) = postSolution
		SolutionGuid = {25679A41-E13B-42CF-92DE-E82E1C25C7A0}
	EndGlobalSection
EndGlobal
